
Microsoft Visual Studio Solution File, Format Version 12.00
# Visual Studio Version 17
VisualStudioVersion = 17.14.37111.16 d17.14
MinimumVisualStudioVersion = 10.0.40219.1
Project("{FAE04EC0-301F-11D3-BF4B-00C04F79EFBC}") = "SvgShow", "SvgShow\SvgShow.csproj", "{E3A07099-643B-4811-952E-284C45E158F7}"
EndProject
Global
	GlobalSection(SolutionConfigurationPlatforms) = preSolution
		Debug|Any CPU = Debug|Any CPU
		Release|Any CPU = Release|Any CPU
	EndGlobalSection
	GlobalSection(ProjectConfigurationPlatforms) = postSolution
		{E3A07099-643B-4811-952E-284C45E158F7}.Debug|Any CPU.ActiveCfg = Debug|Any CPU
		{E3A07099-643B-4811-952E-284C45E158F7}.Debug|Any CPU.Build.0 = Debug|Any CPU
		{E3A07099-643B-4811-952E-284C45E158F7}.Release|Any CPU.ActiveCfg = Release|Any CPU
		{E3A07099-643B-4811-952E-284C45E158F7}.Release|Any CPU.Build.0 = Release|Any CPU
	EndGlobalSection
	GlobalSection(SolutionProperties) = preSolution
		HideSolutionNode = FALSE
	EndGlobalSection
	GlobalSection(ExtensibilityGlobals) = postSolution
		SolutionGuid = {90694AAB-2247-4D59-ACDA-E610860BD8DB}
	EndGlobalSection
EndGlobal
